
Microsoft Visual Studio Solution File, Format Version 12.00
# Visual Studio Version 17
VisualStudioVersion = 17.14.36518.9 d17.14
MinimumVisualStudioVersion = 10.0.40219.1
Project("{FAE04EC0-301F-11D3-BF4B-00C04F79EFBC}") = "Bai6", "Bai6\Bai6.csproj", "{530297B5-D970-4859-BC4A-132FBB133CB0}"
EndProject
Global
	GlobalSection(SolutionConfigurationPlatforms) = preSolution
		Debug|Any CPU = Debug|Any CPU
		Release|Any CPU = Release|Any CPU
	EndGlobalSection
	GlobalSection(ProjectConfigurationPlatforms) = postSolution
		{530297B5-D970-4859-BC4A-132FBB133CB0}.Debug|Any CPU.ActiveCfg = Debug|Any CPU
		{530297B5-D970-4859-BC4A-132FBB133CB0}.Debug|Any CPU.Build.0 = Debug|Any CPU
		{530297B5-D970-4859-BC4A-132FBB133CB0}.Release|Any CPU.ActiveCfg = Release|Any CPU
		{530297B5-D970-4859-BC4A-132FBB133CB0}.Release|Any CPU.Build.0 = Release|Any CPU
	EndGlobalSection
	GlobalSection(SolutionProperties) = preSolution
		HideSolutionNode = FALSE
	EndGlobalSection
	GlobalSection(ExtensibilityGlobals) = postSolution
		SolutionGuid = {861D66D7-2FC0-4636-8B06-20DB0A39A300}
	EndGlobalSection
EndGlobal
