
Microsoft Visual Studio Solution File, Format Version 12.00
# Visual Studio Version 17
VisualStudioVersion = 17.14.36518.9 d17.14
MinimumVisualStudioVersion = 10.0.40219.1
Project("{FAE04EC0-301F-11D3-BF4B-00C04F79EFBC}") = "Bai9", "Bai9\Bai9.csproj", "{05ECE0FB-842C-4182-B76B-30B7477D8FE6}"
EndProject
Global
	GlobalSection(SolutionConfigurationPlatforms) = preSolution
		Debug|Any CPU = Debug|Any CPU
		Release|Any CPU = Release|Any CPU
	EndGlobalSection
	GlobalSection(ProjectConfigurationPlatforms) = postSolution
		{05ECE0FB-842C-4182-B76B-30B7477D8FE6}.Debug|Any CPU.ActiveCfg = Debug|Any CPU
		{05ECE0FB-842C-4182-B76B-30B7477D8FE6}.Debug|Any CPU.Build.0 = Debug|Any CPU
		{05ECE0FB-842C-4182-B76B-30B7477D8FE6}.Release|Any CPU.ActiveCfg = Release|Any CPU
		{05ECE0FB-842C-4182-B76B-30B7477D8FE6}.Release|Any CPU.Build.0 = Release|Any CPU
	EndGlobalSection
	GlobalSection(SolutionProperties) = preSolution
		HideSolutionNode = FALSE
	EndGlobalSection
	GlobalSection(ExtensibilityGlobals) = postSolution
		SolutionGuid = {E46F8CDF-D30D-4664-AB4D-FEA042615F8C}
	EndGlobalSection
EndGlobal
